
Microsoft Visual Studio Solution File, Format Version 12.00
# Visual Studio Version 17
VisualStudioVersion = 17.0.31903.59
MinimumVisualStudioVersion = 10.0.40219.1
Project("{FAE04EC0-301F-11D3-BF4B-00C04F79EFBC}") = "RenovoWorkshop.Domain", "RenovoWorkshop.Domain\RenovoWorkshop.Domain.csproj", "{18C23562-EDCD-42DE-B27A-A9B89C4374C6}"
EndProject
Project("{FAE04EC0-301F-11D3-BF4B-00C04F79EFBC}") = "RenovoWorkshop.Application", "RenovoWorkshop.Application\RenovoWorkshop.Application.csproj", "{C0B0EFF0-1B30-45F9-859F-B929475F72FE}"
EndProject
Project("{FAE04EC0-301F-11D3-BF4B-00C04F79EFBC}") = "RenovoWorkshop.Infrastructure", "RenovoWorkshop.Infrastructure\RenovoWorkshop.Infrastructure.csproj", "{EF80CAC1-EC13-4E6E-91A9-D69AD5650622}"
EndProject
Project("{FAE04EC0-301F-11D3-BF4B-00C04F79EFBC}") = "RenovoWorkshop.Api", "RenovoWorkshop.Api\RenovoWorkshop.Api.csproj", "{DA97ECDF-67CE-4776-BCBE-143AFDE33CA7}"
EndProject
Global
	GlobalSection(SolutionConfigurationPlatforms) = preSolution
		Debug|Any CPU = Debug|Any CPU
		Release|Any CPU = Release|Any CPU
	EndGlobalSection
	GlobalSection(SolutionProperties) = preSolution
		HideSolutionNode = FALSE
	EndGlobalSection
	GlobalSection(ProjectConfigurationPlatforms) = postSolution
		{18C23562-EDCD-42DE-B27A-A9B89C4374C6}.Debug|Any CPU.ActiveCfg = Debug|Any CPU
		{18C23562-EDCD-42DE-B27A-A9B89C4374C6}.Debug|Any CPU.Build.0 = Debug|Any CPU
		{18C23562-EDCD-42DE-B27A-A9B89C4374C6}.Release|Any CPU.ActiveCfg = Release|Any CPU
		{18C23562-EDCD-42DE-B27A-A9B89C4374C6}.Release|Any CPU.Build.0 = Release|Any CPU
		{C0B0EFF0-1B30-45F9-859F-B929475F72FE}.Debug|Any CPU.ActiveCfg = Debug|Any CPU
		{C0B0EFF0-1B30-45F9-859F-B929475F72FE}.Debug|Any CPU.Build.0 = Debug|Any CPU
		{C0B0EFF0-1B30-45F9-859F-B929475F72FE}.Release|Any CPU.ActiveCfg = Release|Any CPU
		{C0B0EFF0-1B30-45F9-859F-B929475F72FE}.Release|Any CPU.Build.0 = Release|Any CPU
		{EF80CAC1-EC13-4E6E-91A9-D69AD5650622}.Debug|Any CPU.ActiveCfg = Debug|Any CPU
		{EF80CAC1-EC13-4E6E-91A9-D69AD5650622}.Debug|Any CPU.Build.0 = Debug|Any CPU
		{EF80CAC1-EC13-4E6E-91A9-D69AD5650622}.Release|Any CPU.ActiveCfg = Release|Any CPU
		{EF80CAC1-EC13-4E6E-91A9-D69AD5650622}.Release|Any CPU.Build.0 = Release|Any CPU
		{DA97ECDF-67CE-4776-BCBE-143AFDE33CA7}.Debug|Any CPU.ActiveCfg = Debug|Any CPU
		{DA97ECDF-67CE-4776-BCBE-143AFDE33CA7}.Debug|Any CPU.Build.0 = Debug|Any CPU
		{DA97ECDF-67CE-4776-BCBE-143AFDE33CA7}.Release|Any CPU.ActiveCfg = Release|Any CPU
		{DA97ECDF-67CE-4776-BCBE-143AFDE33CA7}.Release|Any CPU.Build.0 = Release|Any CPU
	EndGlobalSection
EndGlobal
